
Microsoft Visual Studio Solution File, Format Version 12.00
# Visual Studio Version 17
VisualStudioVersion = 17.11.35208.52
MinimumVisualStudioVersion = 10.0.40219.1
Project("{FAE04EC0-301F-11D3-BF4B-00C04F79EFBC}") = "JefferiesPrototype", "JefferiesPrototype\JefferiesPrototype.csproj", "{1FE6D642-143C-4F6F-A220-EF6D1CF152EA}"
EndProject
Global
	GlobalSection(SolutionConfigurationPlatforms) = preSolution
		Debug|Any CPU = Debug|Any CPU
		Release|Any CPU = Release|Any CPU
	EndGlobalSection
	GlobalSection(ProjectConfigurationPlatforms) = postSolution
		{1FE6D642-143C-4F6F-A220-EF6D1CF152EA}.Debug|Any CPU.ActiveCfg = Debug|Any CPU
		{1FE6D642-143C-4F6F-A220-EF6D1CF152EA}.Debug|Any CPU.Build.0 = Debug|Any CPU
		{1FE6D642-143C-4F6F-A220-EF6D1CF152EA}.Release|Any CPU.ActiveCfg = Release|Any CPU
		{1FE6D642-143C-4F6F-A220-EF6D1CF152EA}.Release|Any CPU.Build.0 = Release|Any CPU
	EndGlobalSection
	GlobalSection(SolutionProperties) = preSolution
		HideSolutionNode = FALSE
	EndGlobalSection
	GlobalSection(ExtensibilityGlobals) = postSolution
		SolutionGuid = {76C5F385-0689-445E-9745-E88736868A05}
	EndGlobalSection
EndGlobal
